
Microsoft Visual Studio Solution File, Format Version 12.00
# Visual Studio Version 17
VisualStudioVersion = 17.4.33110.190
MinimumVisualStudioVersion = 10.0.40219.1
Project("{FAE04EC0-301F-11D3-BF4B-00C04F79EFBC}") = "ConsoleApp33", "ConsoleApp33\ConsoleApp33.csproj", "{F21A6551-4D47-4CAB-996F-A1BF77E1B0DA}"
EndProject
Global
	GlobalSection(SolutionConfigurationPlatforms) = preSolution
		Debug|Any CPU = Debug|Any CPU
		Release|Any CPU = Release|Any CPU
	EndGlobalSection
	GlobalSection(ProjectConfigurationPlatforms) = postSolution
		{F21A6551-4D47-4CAB-996F-A1BF77E1B0DA}.Debug|Any CPU.ActiveCfg = Debug|Any CPU
		{F21A6551-4D47-4CAB-996F-A1BF77E1B0DA}.Debug|Any CPU.Build.0 = Debug|Any CPU
		{F21A6551-4D47-4CAB-996F-A1BF77E1B0DA}.Release|Any CPU.ActiveCfg = Release|Any CPU
		{F21A6551-4D47-4CAB-996F-A1BF77E1B0DA}.Release|Any CPU.Build.0 = Release|Any CPU
	EndGlobalSection
	GlobalSection(SolutionProperties) = preSolution
		HideSolutionNode = FALSE
	EndGlobalSection
	GlobalSection(ExtensibilityGlobals) = postSolution
		SolutionGuid = {0A8AEDB3-26C1-4A60-8D49-A472F12528DE}
	EndGlobalSection
EndGlobal
